
Microsoft Visual Studio Solution File, Format Version 12.00
# Visual Studio Version 17
VisualStudioVersion = 17.3.32901.215
MinimumVisualStudioVersion = 10.0.40219.1
Project("{FAE04EC0-301F-11D3-BF4B-00C04F79EFBC}") = "MCS.Dapr.POC.Backend.Calculator", "MCS.Dapr.POC.Backend.Calculator.csproj", "{0BE753A5-5D5D-426F-B270-1951313F3923}"
EndProject
Global
	GlobalSection(SolutionConfigurationPlatforms) = preSolution
		Debug|Any CPU = Debug|Any CPU
		Release|Any CPU = Release|Any CPU
	EndGlobalSection
	GlobalSection(ProjectConfigurationPlatforms) = postSolution
		{0BE753A5-5D5D-426F-B270-1951313F3923}.Debug|Any CPU.ActiveCfg = Debug|Any CPU
		{0BE753A5-5D5D-426F-B270-1951313F3923}.Debug|Any CPU.Build.0 = Debug|Any CPU
		{0BE753A5-5D5D-426F-B270-1951313F3923}.Release|Any CPU.ActiveCfg = Release|Any CPU
		{0BE753A5-5D5D-426F-B270-1951313F3923}.Release|Any CPU.Build.0 = Release|Any CPU
	EndGlobalSection
	GlobalSection(SolutionProperties) = preSolution
		HideSolutionNode = FALSE
	EndGlobalSection
	GlobalSection(ExtensibilityGlobals) = postSolution
		SolutionGuid = {FB2A9965-8BF6-423D-BB5D-75773EBBB645}
	EndGlobalSection
EndGlobal
